
Microsoft Visual Studio Solution File, Format Version 12.00
# Visual Studio Version 17
VisualStudioVersion = 17.8.34322.80
MinimumVisualStudioVersion = 10.0.40219.1
Project("{FAE04EC0-301F-11D3-BF4B-00C04F79EFBC}") = "SolutionSynthPlugin", "SolutionSynthPlugin.csproj", "{7C1155A3-069B-4D05-B32C-3F0BFC44AF6C}"
EndProject
Global
	GlobalSection(SolutionConfigurationPlatforms) = preSolution
		Debug|Any CPU = Debug|Any CPU
		Release|Any CPU = Release|Any CPU
	EndGlobalSection
	GlobalSection(ProjectConfigurationPlatforms) = postSolution
		{7C1155A3-069B-4D05-B32C-3F0BFC44AF6C}.Debug|Any CPU.ActiveCfg = Debug|Any CPU
		{7C1155A3-069B-4D05-B32C-3F0BFC44AF6C}.Debug|Any CPU.Build.0 = Debug|Any CPU
		{7C1155A3-069B-4D05-B32C-3F0BFC44AF6C}.Release|Any CPU.ActiveCfg = Release|Any CPU
		{7C1155A3-069B-4D05-B32C-3F0BFC44AF6C}.Release|Any CPU.Build.0 = Release|Any CPU
	EndGlobalSection
	GlobalSection(SolutionProperties) = preSolution
		HideSolutionNode = FALSE
	EndGlobalSection
	GlobalSection(ExtensibilityGlobals) = postSolution
		SolutionGuid = {A6C95ADC-ED47-434F-866D-1313D98A146D}
	EndGlobalSection
EndGlobal
